
Microsoft Visual Studio Solution File, Format Version 12.00
# Visual Studio 15
VisualStudioVersion = 15.0.28010.2050
MinimumVisualStudioVersion = 10.0.40219.1
Project("{FAE04EC0-301F-11D3-BF4B-00C04F79EFBC}") = "GitHubAhmadBulbul", "GitHubAhmadBulbul\GitHubAhmadBulbul.csproj", "{36324243-771C-49EA-805E-322602F19EFF}"
EndProject
Global
	GlobalSection(SolutionConfigurationPlatforms) = preSolution
		Debug|Any CPU = Debug|Any CPU
		Release|Any CPU = Release|Any CPU
	EndGlobalSection
	GlobalSection(ProjectConfigurationPlatforms) = postSolution
		{36324243-771C-49EA-805E-322602F19EFF}.Debug|Any CPU.ActiveCfg = Debug|Any CPU
		{36324243-771C-49EA-805E-322602F19EFF}.Debug|Any CPU.Build.0 = Debug|Any CPU
		{36324243-771C-49EA-805E-322602F19EFF}.Release|Any CPU.ActiveCfg = Release|Any CPU
		{36324243-771C-49EA-805E-322602F19EFF}.Release|Any CPU.Build.0 = Release|Any CPU
	EndGlobalSection
	GlobalSection(SolutionProperties) = preSolution
		HideSolutionNode = FALSE
	EndGlobalSection
	GlobalSection(ExtensibilityGlobals) = postSolution
		SolutionGuid = {72021950-021E-4677-B44E-8120C461D0F2}
	EndGlobalSection
EndGlobal
